
Microsoft Visual Studio Solution File, Format Version 12.00
# Visual Studio Version 17
VisualStudioVersion = 17.9.34701.34
MinimumVisualStudioVersion = 10.0.40219.1
Project("{FAE04EC0-301F-11D3-BF4B-00C04F79EFBC}") = "TestSZGMC", "TestSZGMC\TestSZGMC.csproj", "{0B392B27-5D49-4EB2-B56E-29241CC97254}"
EndProject
Global
	GlobalSection(SolutionConfigurationPlatforms) = preSolution
		Debug|Any CPU = Debug|Any CPU
		Release|Any CPU = Release|Any CPU
	EndGlobalSection
	GlobalSection(ProjectConfigurationPlatforms) = postSolution
		{0B392B27-5D49-4EB2-B56E-29241CC97254}.Debug|Any CPU.ActiveCfg = Debug|Any CPU
		{0B392B27-5D49-4EB2-B56E-29241CC97254}.Debug|Any CPU.Build.0 = Debug|Any CPU
		{0B392B27-5D49-4EB2-B56E-29241CC97254}.Release|Any CPU.ActiveCfg = Release|Any CPU
		{0B392B27-5D49-4EB2-B56E-29241CC97254}.Release|Any CPU.Build.0 = Release|Any CPU
	EndGlobalSection
	GlobalSection(SolutionProperties) = preSolution
		HideSolutionNode = FALSE
	EndGlobalSection
	GlobalSection(ExtensibilityGlobals) = postSolution
		SolutionGuid = {0FDA1E8D-068B-4101-B6E0-AB635AE65A97}
	EndGlobalSection
EndGlobal
